
Microsoft Visual Studio Solution File, Format Version 12.00
# Visual Studio Version 16
VisualStudioVersion = 16.0.29709.97
MinimumVisualStudioVersion = 10.0.40219.1
Project("{FAE04EC0-301F-11D3-BF4B-00C04F79EFBC}") = "CustomList", "CustomList\CustomList.csproj", "{9DE34AD9-DF3A-482A-AC03-DEC5EDAFAD59}"
EndProject
Project("{FAE04EC0-301F-11D3-BF4B-00C04F79EFBC}") = "ListTests", "ListTests\ListTests.csproj", "{ED145756-17DD-4A05-8FDD-F95BF0FB43B8}"
EndProject
Global
	GlobalSection(SolutionConfigurationPlatforms) = preSolution
		Debug|Any CPU = Debug|Any CPU
		Release|Any CPU = Release|Any CPU
	EndGlobalSection
	GlobalSection(ProjectConfigurationPlatforms) = postSolution
		{9DE34AD9-DF3A-482A-AC03-DEC5EDAFAD59}.Debug|Any CPU.ActiveCfg = Debug|Any CPU
		{9DE34AD9-DF3A-482A-AC03-DEC5EDAFAD59}.Debug|Any CPU.Build.0 = Debug|Any CPU
		{9DE34AD9-DF3A-482A-AC03-DEC5EDAFAD59}.Release|Any CPU.ActiveCfg = Release|Any CPU
		{9DE34AD9-DF3A-482A-AC03-DEC5EDAFAD59}.Release|Any CPU.Build.0 = Release|Any CPU
		{ED145756-17DD-4A05-8FDD-F95BF0FB43B8}.Debug|Any CPU.ActiveCfg = Debug|Any CPU
		{ED145756-17DD-4A05-8FDD-F95BF0FB43B8}.Debug|Any CPU.Build.0 = Debug|Any CPU
		{ED145756-17DD-4A05-8FDD-F95BF0FB43B8}.Release|Any CPU.ActiveCfg = Release|Any CPU
		{ED145756-17DD-4A05-8FDD-F95BF0FB43B8}.Release|Any CPU.Build.0 = Release|Any CPU
	EndGlobalSection
	GlobalSection(SolutionProperties) = preSolution
		HideSolutionNode = FALSE
	EndGlobalSection
	GlobalSection(ExtensibilityGlobals) = postSolution
		SolutionGuid = {FD126B98-1F2E-4B40-A5A7-D8E1C1BD3373}
	EndGlobalSection
EndGlobal
